<?xml version="1.0" encoding="utf-8"?>
<Project ToolsVersion="4.0" xmlns="http://schemas.microsoft.com/developer/msbuild/2003">
  <ItemGroup>
    <Filter Include="Source Files">
      <UniqueIdentifier>{4FC737F1-C7A5-4376-A066-2A32D752A2FF}</UniqueIdentifier>
      <Extensions>cpp;c;cc;cxx;c++;cppm;ixx;def;odl;idl;hpj;bat;asm;asmx</Extensions>
    </Filter>
    <Filter Include="Header Files">
      <UniqueIdentifier>{93995380-89BD-4b04-88EB-625FBE52EBFB}</UniqueIdentifier>
      <Extensions>h;hh;hpp;hxx;h++;hm;inl;inc;ipp;xsd</Extensions>
    </Filter>
    <Filter Include="Resource Files">
      <UniqueIdentifier>{67DA6AB6-F800-4c08-8B7A-83BB121AAD01}</UniqueIdentifier>
      <Extensions>rc;ico;cur;bmp;dlg;rc2;rct;bin;rgs;gif;jpg;jpeg;jpe;resx;tiff;tif;png;wav;mfcribbon-ms</Extensions>
    </Filter>
  </ItemGroup>
  <ItemGroup>
    <ClCompile Include="main.cpp">
      <Filter>Source Files</Filter>
    </ClCompile>
    <ClCompile Include="SonarSweep.cpp">
      <Filter>Source Files</Filter>
    </ClCompile>
    <ClCompile Include="SonarSweep_v2.cpp">
      <Filter>Source Files</Filter>
    </ClCompile>
    <ClCompile Include="Dive.cpp">
      <Filter>Source Files</Filter>
    </ClCompile>
    <ClCompile Include="BinairyDiagnostic.cpp">
      <Filter>Source Files</Filter>
    </ClCompile>
    <ClCompile Include="GiantSquid.cpp">
      <Filter>Source Files</Filter>
    </ClCompile>
    <ClCompile Include="HydrothermalVenture.cpp">
      <Filter>Source Files</Filter>
    </ClCompile>
    <ClCompile Include="Lanternfish.cpp">
      <Filter>Source Files</Filter>
    </ClCompile>
    <ClCompile Include="TheTreacheryOfWhales.cpp">
      <Filter>Source Files</Filter>
    </ClCompile>
    <ClCompile Include="SevenSegmentSearchInputs.cpp">
      <Filter>Source Files</Filter>
    </ClCompile>
    <ClCompile Include="SyntaxScoring.cpp">
      <Filter>Source Files</Filter>
    </ClCompile>
    <ClCompile Include="SmokeBasin.cpp">
      <Filter>Source Files</Filter>
    </ClCompile>
    <ClCompile Include="DumboOctopus.cpp">
      <Filter>Source Files</Filter>
    </ClCompile>
    <ClCompile Include="TransparentOrigami.cpp">
      <Filter>Source Files</Filter>
    </ClCompile>
    <ClCompile Include="PacketDecoder.cpp">
      <Filter>Source Files</Filter>
    </ClCompile>
  </ItemGroup>
  <ItemGroup>
    <ClInclude Include="SonarSweep.hpp">
      <Filter>Header Files</Filter>
    </ClInclude>
    <ClInclude Include="SonarSweep_v2.hpp">
      <Filter>Header Files</Filter>
    </ClInclude>
    <ClInclude Include="Dive.hpp">
      <Filter>Header Files</Filter>
    </ClInclude>
    <ClInclude Include="BinairyDiagnostic.hpp">
      <Filter>Header Files</Filter>
    </ClInclude>
    <ClInclude Include="GiantSquid.hpp">
      <Filter>Header Files</Filter>
    </ClInclude>
    <ClInclude Include="HydrothermalVenture.hpp">
      <Filter>Header Files</Filter>
    </ClInclude>
    <ClInclude Include="Lanternfish.hpp">
      <Filter>Header Files</Filter>
    </ClInclude>
    <ClInclude Include="TheTreacheryOfWhales.hpp">
      <Filter>Header Files</Filter>
    </ClInclude>
    <ClInclude Include="SevenSegmentSearchInputs.hpp">
      <Filter>Header Files</Filter>
    </ClInclude>
    <ClInclude Include="SyntaxScoring.hpp">
      <Filter>Header Files</Filter>
    </ClInclude>
    <ClInclude Include="SmokeBasin.hpp">
      <Filter>Header Files</Filter>
    </ClInclude>
    <ClInclude Include="DumboOctopus.hpp">
      <Filter>Header Files</Filter>
    </ClInclude>
    <ClInclude Include="TransparentOrigami.hpp">
      <Filter>Header Files</Filter>
    </ClInclude>
    <ClInclude Include="PacketDecoder.hpp">
      <Filter>Header Files</Filter>
    </ClInclude>
  </ItemGroup>
  <ItemGroup>
    <Text Include="SonarSweepInputs.txt">
      <Filter>Resource Files</Filter>
    </Text>
    <Text Include="DiveInputs.txt">
      <Filter>Resource Files</Filter>
    </Text>
    <Text Include="BinaryDiagnostic.txt">
      <Filter>Resource Files</Filter>
    </Text>
    <Text Include="GiantSquidInputs.txt">
      <Filter>Resource Files</Filter>
    </Text>
    <Text Include="HydrothermalVentureInputs.txt">
      <Filter>Resource Files</Filter>
    </Text>
    <Text Include="SevenSegmentSearchInputs.txt">
      <Filter>Resource Files</Filter>
    </Text>
    <Text Include="SyntaxScoring.txt">
      <Filter>Resource Files</Filter>
    </Text>
    <Text Include="SmokeBasinInputs.txt">
      <Filter>Resource Files</Filter>
    </Text>
    <Text Include="TransparentOrigamiInputs.txt">
      <Filter>Resource Files</Filter>
    </Text>
    <Text Include="PacketDecoderInputs.txt">
      <Filter>Resource Files</Filter>
    </Text>
    <Text Include="DumboOctopusInputs.txt">
      <Filter>Resource Files</Filter>
    </Text>
  </ItemGroup>
</Project>